<?xml version="1.0" encoding="utf-8"?>
<Project ToolsVersion="4.0" xmlns="http://schemas.microsoft.com/developer/msbuild/2003">
  <ItemGroup>
    <Filter Include="Source Files">
      <UniqueIdentifier>{4FC737F1-C7A5-4376-A066-2A32D752A2FF}</UniqueIdentifier>
      <Extensions>cpp;c;cc;cxx;def;odl;idl;hpj;bat;asm;asmx</Extensions>
    </Filter>
    <Filter Include="Header Files">
      <UniqueIdentifier>{93995380-89BD-4b04-88EB-625FBE52EBFB}</UniqueIdentifier>
      <Extensions>h;hh;hpp;hxx;hm;inl;inc;xsd</Extensions>
    </Filter>
    <Filter Include="Resource Files">
      <UniqueIdentifier>{67DA6AB6-F800-4c08-8B7A-83BB121AAD01}</UniqueIdentifier>
      <Extensions>rc;ico;cur;bmp;dlg;rc2;rct;bin;rgs;gif;jpg;jpeg;jpe;resx;tiff;tif;png;wav</Extensions>
    </Filter>
  </ItemGroup>
  <ItemGroup>
    <ClCompile Include="source\Gameboy.cpp">
      <Filter>Source Files</Filter>
    </ClCompile>
    <ClCompile Include="source\Main.cpp">
      <Filter>Source Files</Filter>
    </ClCompile>
    <ClCompile Include="source\cartridges\CartMBC1.cpp">
      <Filter>Source Files</Filter>
    </ClCompile>
    <ClCompile Include="source\cartridges\CartMBC3.cpp">
      <Filter>Source Files</Filter>
    </ClCompile>
    <ClCompile Include="source\cartridges\CartMBC5.cpp">
      <Filter>Source Files</Filter>
    </ClCompile>
    <ClCompile Include="source\cartridges\Cartridge.cpp">
      <Filter>Source Files</Filter>
    </ClCompile>
    <ClCompile Include="source\cartridges\CartRomOnly.cpp">
      <Filter>Source Files</Filter>
    </ClCompile>
    <ClCompile Include="source\components\Cpu.cpp">
      <Filter>Source Files</Filter>
    </ClCompile>
    <ClCompile Include="source\components\CpuOpcodeTable.cpp">
      <Filter>Source Files</Filter>
    </ClCompile>
    <ClCompile Include="source\components\Gpu.cpp">
      <Filter>Source Files</Filter>
    </ClCompile>
    <ClCompile Include="source\components\Input.cpp">
      <Filter>Source Files</Filter>
    </ClCompile>
    <ClCompile Include="source\components\Memory.cpp">
      <Filter>Source Files</Filter>
    </ClCompile>
    <ClCompile Include="source\components\Timer.cpp">
      <Filter>Source Files</Filter>
    </ClCompile>
  </ItemGroup>
  <ItemGroup>
    <ClInclude Include="sfml-2.4.2\include\sfml\Audio.hpp">
      <Filter>Header Files</Filter>
    </ClInclude>
    <ClInclude Include="sfml-2.4.2\include\sfml\system\Time.hpp">
      <Filter>Header Files</Filter>
    </ClInclude>
    <ClInclude Include="source\Gameboy.hpp">
      <Filter>Header Files</Filter>
    </ClInclude>
    <ClInclude Include="source\cartridges\CartMBC1.hpp">
      <Filter>Header Files</Filter>
    </ClInclude>
    <ClInclude Include="source\cartridges\CartMBC3.hpp">
      <Filter>Header Files</Filter>
    </ClInclude>
    <ClInclude Include="source\cartridges\CartMBC5.hpp">
      <Filter>Header Files</Filter>
    </ClInclude>
    <ClInclude Include="source\cartridges\Cartridge.hpp">
      <Filter>Header Files</Filter>
    </ClInclude>
    <ClInclude Include="source\cartridges\CartridgeFactory.hpp">
      <Filter>Header Files</Filter>
    </ClInclude>
    <ClInclude Include="source\cartridges\CartRomOnly.hpp">
      <Filter>Header Files</Filter>
    </ClInclude>
    <ClInclude Include="source\cartridges\RamModule.hpp">
      <Filter>Header Files</Filter>
    </ClInclude>
    <ClInclude Include="source\cartridges\RTCModule.hpp">
      <Filter>Header Files</Filter>
    </ClInclude>
    <ClInclude Include="source\components\Cpu.hpp">
      <Filter>Header Files</Filter>
    </ClInclude>
    <ClInclude Include="source\components\CpuMemoryInterface.hpp">
      <Filter>Header Files</Filter>
    </ClInclude>
    <ClInclude Include="source\components\Gpu.hpp">
      <Filter>Header Files</Filter>
    </ClInclude>
    <ClInclude Include="source\components\GpuMemoryInterface.hpp">
      <Filter>Header Files</Filter>
    </ClInclude>
    <ClInclude Include="source\components\Input.hpp">
      <Filter>Header Files</Filter>
    </ClInclude>
    <ClInclude Include="source\components\InputMemoryInterface.hpp">
      <Filter>Header Files</Filter>
    </ClInclude>
    <ClInclude Include="source\components\Memory.hpp">
      <Filter>Header Files</Filter>
    </ClInclude>
    <ClInclude Include="source\components\Timer.hpp">
      <Filter>Header Files</Filter>
    </ClInclude>
    <ClInclude Include="source\components\TimerMemoryInterface.hpp">
      <Filter>Header Files</Filter>
    </ClInclude>
    <ClInclude Include="source\debuggingtools\Debugger.hpp">
      <Filter>Header Files</Filter>
    </ClInclude>
    <ClInclude Include="source\debuggingtools\Instructions.hpp">
      <Filter>Header Files</Filter>
    </ClInclude>
    <ClInclude Include="source\utilities\AddressRange.hpp">
      <Filter>Header Files</Filter>
    </ClInclude>
    <ClInclude Include="source\utilities\Bios.hpp">
      <Filter>Header Files</Filter>
    </ClInclude>
    <ClInclude Include="source\utilities\Types.hpp">
      <Filter>Header Files</Filter>
    </ClInclude>
    <ClInclude Include="Source\Utilities\Settings.hpp">
      <Filter>Header Files</Filter>
    </ClInclude>
  </ItemGroup>
  <ItemGroup>
    <None Include="Settings.ini" />
  </ItemGroup>
</Project>